
Microsoft Visual Studio Solution File, Format Version 12.00
# Visual Studio Version 16
VisualStudioVersion = 16.0.30711.63
MinimumVisualStudioVersion = 10.0.40219.1
Project("{FAE04EC0-301F-11D3-BF4B-00C04F79EFBC}") = "DeTommaso.Tommaso.4J.DataDelGiorno", "DeTommaso.Tommaso.4J.DataDelGiorno\DeTommaso.Tommaso.4J.DataDelGiorno.csproj", "{6CEC4089-87A2-41B3-AA91-EFC947DB7251}"
EndProject
Global
	GlobalSection(SolutionConfigurationPlatforms) = preSolution
		Debug|Any CPU = Debug|Any CPU
		Release|Any CPU = Release|Any CPU
	EndGlobalSection
	GlobalSection(ProjectConfigurationPlatforms) = postSolution
		{6CEC4089-87A2-41B3-AA91-EFC947DB7251}.Debug|Any CPU.ActiveCfg = Debug|Any CPU
		{6CEC4089-87A2-41B3-AA91-EFC947DB7251}.Debug|Any CPU.Build.0 = Debug|Any CPU
		{6CEC4089-87A2-41B3-AA91-EFC947DB7251}.Release|Any CPU.ActiveCfg = Release|Any CPU
		{6CEC4089-87A2-41B3-AA91-EFC947DB7251}.Release|Any CPU.Build.0 = Release|Any CPU
	EndGlobalSection
	GlobalSection(SolutionProperties) = preSolution
		HideSolutionNode = FALSE
	EndGlobalSection
	GlobalSection(ExtensibilityGlobals) = postSolution
		SolutionGuid = {AD9A6850-CC7A-4C36-80E8-973258119020}
	EndGlobalSection
EndGlobal
